// !$*UTF8*$!
{
	archiveVersion = 1;
	classes = {
	};
	objectVersion = 46;
	objects = {

/* Begin PBXBuildFile section */
		4460F00519E92A3400857098 /* main.m in Sources */ = {isa = PBXBuildFile; fileRef = 4460F00419E92A3400857098 /* main.m */; };
		4460F00819E92A3400857098 /* AppDelegate.m in Sources */ = {isa = PBXBuildFile; fileRef = 4460F00719E92A3400857098 /* AppDelegate.m */; };
		4460F00B19E92A3400857098 /* ViewController.m in Sources */ = {isa = PBXBuildFile; fileRef = 4460F00A19E92A3400857098 /* ViewController.m */; };
		4460F00E19E92A3400857098 /* Main.storyboard in Resources */ = {isa = PBXBuildFile; fileRef = 4460F00C19E92A3400857098 /* Main.storyboard */; };
		4460F01019E92A3400857098 /* Images.xcassets in Resources */ = {isa = PBXBuildFile; fileRef = 4460F00F19E92A3400857098 /* Images.xcassets */; };
		4460F01319E92A3400857098 /* LaunchScreen.xib in Resources */ = {isa = PBXBuildFile; fileRef = 4460F01119E92A3400857098 /* LaunchScreen.xib */; };
		4460F01F19E92A3400857098 /* PPESettingConfigTests.m in Sources */ = {isa = PBXBuildFile; fileRef = 4460F01E19E92A3400857098 /* PPESettingConfigTests.m */; };
		4460F02F19E9319400857098 /* Settings.bundle in Resources */ = {isa = PBXBuildFile; fileRef = 4460F02E19E9319400857098 /* Settings.bundle */; };
		4460F03319E9461000857098 /* SettingsDebug.bundle in Resources */ = {isa = PBXBuildFile; fileRef = 4460F03219E9461000857098 /* SettingsDebug.bundle */; };
		4460F03519E9465F00857098 /* SettingsRelease.bundle in Resources */ = {isa = PBXBuildFile; fileRef = 4460F03419E9465F00857098 /* SettingsRelease.bundle */; };
		44A3923E19EA6F7F00316681 /* PPESettingsManager.m in Sources */ = {isa = PBXBuildFile; fileRef = 44A3923D19EA6F7F00316681 /* PPESettingsManager.m */; };
/* End PBXBuildFile section */

/* Begin PBXContainerItemProxy section */
		4460F01919E92A3400857098 /* PBXContainerItemProxy */ = {
			isa = PBXContainerItemProxy;
			containerPortal = 4460EFF719E92A3400857098 /* Project object */;
			proxyType = 1;
			remoteGlobalIDString = 4460EFFE19E92A3400857098;
			remoteInfo = PPESettingConfig;
		};
/* End PBXContainerItemProxy section */

/* Begin PBXFileReference section */
		4460EFFF19E92A3400857098 /* PPESettingConfig.app */ = {isa = PBXFileReference; explicitFileType = wrapper.application; includeInIndex = 0; path = PPESettingConfig.app; sourceTree = BUILT_PRODUCTS_DIR; };
		4460F00319E92A3400857098 /* Info.plist */ = {isa = PBXFileReference; lastKnownFileType = text.plist.xml; path = Info.plist; sourceTree = "<group>"; };
		4460F00419E92A3400857098 /* main.m */ = {isa = PBXFileReference; lastKnownFileType = sourcecode.c.objc; path = main.m; sourceTree = "<group>"; };
		4460F00619E92A3400857098 /* AppDelegate.h */ = {isa = PBXFileReference; lastKnownFileType = sourcecode.c.h; path = AppDelegate.h; sourceTree = "<group>"; };
		4460F00719E92A3400857098 /* AppDelegate.m */ = {isa = PBXFileReference; lastKnownFileType = sourcecode.c.objc; path = AppDelegate.m; sourceTree = "<group>"; };
		4460F00919E92A3400857098 /* ViewController.h */ = {isa = PBXFileReference; lastKnownFileType = sourcecode.c.h; path = ViewController.h; sourceTree = "<group>"; };
		4460F00A19E92A3400857098 /* ViewController.m */ = {isa = PBXFileReference; lastKnownFileType = sourcecode.c.objc; path = ViewController.m; sourceTree = "<group>"; };
		4460F00D19E92A3400857098 /* Base */ = {isa = PBXFileReference; lastKnownFileType = file.storyboard; name = Base; path = Base.lproj/Main.storyboard; sourceTree = "<group>"; };
		4460F00F19E92A3400857098 /* Images.xcassets */ = {isa = PBXFileReference; lastKnownFileType = folder.assetcatalog; path = Images.xcassets; sourceTree = "<group>"; };
		4460F01219E92A3400857098 /* Base */ = {isa = PBXFileReference; lastKnownFileType = file.xib; name = Base; path = Base.lproj/LaunchScreen.xib; sourceTree = "<group>"; };
		4460F01819E92A3400857098 /* PPESettingConfigTests.xctest */ = {isa = PBXFileReference; explicitFileType = wrapper.cfbundle; includeInIndex = 0; path = PPESettingConfigTests.xctest; sourceTree = BUILT_PRODUCTS_DIR; };
		4460F01D19E92A3400857098 /* Info.plist */ = {isa = PBXFileReference; lastKnownFileType = text.plist.xml; path = Info.plist; sourceTree = "<group>"; };
		4460F01E19E92A3400857098 /* PPESettingConfigTests.m */ = {isa = PBXFileReference; lastKnownFileType = sourcecode.c.objc; path = PPESettingConfigTests.m; sourceTree = "<group>"; };
		4460F02E19E9319400857098 /* Settings.bundle */ = {isa = PBXFileReference; lastKnownFileType = "wrapper.plug-in"; name = Settings.bundle; path = Setting/Settings.bundle; sourceTree = "<group>"; };
		4460F03219E9461000857098 /* SettingsDebug.bundle */ = {isa = PBXFileReference; lastKnownFileType = "wrapper.plug-in"; name = SettingsDebug.bundle; path = Setting/Debug/SettingsDebug.bundle; sourceTree = "<group>"; };
		4460F03419E9465F00857098 /* SettingsRelease.bundle */ = {isa = PBXFileReference; lastKnownFileType = "wrapper.plug-in"; name = SettingsRelease.bundle; path = Setting/Release/SettingsRelease.bundle; sourceTree = "<group>"; };
		4460F03619E96ABB00857098 /* run_settingsconfig.sh */ = {isa = PBXFileReference; lastKnownFileType = text.script.sh; name = run_settingsconfig.sh; path = Setting/run_settingsconfig.sh; sourceTree = "<group>"; };
		44A3923D19EA6F7F00316681 /* PPESettingsManager.m */ = {isa = PBXFileReference; fileEncoding = 4; lastKnownFileType = sourcecode.c.objc; name = PPESettingsManager.m; path = Setting/PPESettingsManager.m; sourceTree = "<group>"; };
		44A3923F19EA6FA100316681 /* PPESettingsManager.h */ = {isa = PBXFileReference; lastKnownFileType = sourcecode.c.h; name = PPESettingsManager.h; path = Setting/PPESettingsManager.h; sourceTree = "<group>"; };
/* End PBXFileReference section */

/* Begin PBXFrameworksBuildPhase section */
		4460EFFC19E92A3400857098 /* Frameworks */ = {
			isa = PBXFrameworksBuildPhase;
			buildActionMask = 2147483647;
			files = (
			);
			runOnlyForDeploymentPostprocessing = 0;
		};
		4460F01519E92A3400857098 /* Frameworks */ = {
			isa = PBXFrameworksBuildPhase;
			buildActionMask = 2147483647;
			files = (
			);
			runOnlyForDeploymentPostprocessing = 0;
		};
/* End PBXFrameworksBuildPhase section */

/* Begin PBXGroup section */
		4460EFF619E92A3400857098 = {
			isa = PBXGroup;
			children = (
				4460F00119E92A3400857098 /* PPESettingConfig */,
				4460F01B19E92A3400857098 /* PPESettingConfigTests */,
				4460F00019E92A3400857098 /* Products */,
			);
			sourceTree = "<group>";
		};
		4460F00019E92A3400857098 /* Products */ = {
			isa = PBXGroup;
			children = (
				4460EFFF19E92A3400857098 /* PPESettingConfig.app */,
				4460F01819E92A3400857098 /* PPESettingConfigTests.xctest */,
			);
			name = Products;
			sourceTree = "<group>";
		};
		4460F00119E92A3400857098 /* PPESettingConfig */ = {
			isa = PBXGroup;
			children = (
				44A3923C19EA6B7300316681 /* Lib */,
				4460F02D19E9316200857098 /* Setting */,
				4460F00619E92A3400857098 /* AppDelegate.h */,
				4460F00719E92A3400857098 /* AppDelegate.m */,
				4460F00919E92A3400857098 /* ViewController.h */,
				4460F00A19E92A3400857098 /* ViewController.m */,
				4460F00C19E92A3400857098 /* Main.storyboard */,
				4460F00F19E92A3400857098 /* Images.xcassets */,
				4460F01119E92A3400857098 /* LaunchScreen.xib */,
				4460F00219E92A3400857098 /* Supporting Files */,
			);
			path = PPESettingConfig;
			sourceTree = "<group>";
		};
		4460F00219E92A3400857098 /* Supporting Files */ = {
			isa = PBXGroup;
			children = (
				4460F00319E92A3400857098 /* Info.plist */,
				4460F00419E92A3400857098 /* main.m */,
			);
			name = "Supporting Files";
			sourceTree = "<group>";
		};
		4460F01B19E92A3400857098 /* PPESettingConfigTests */ = {
			isa = PBXGroup;
			children = (
				4460F01E19E92A3400857098 /* PPESettingConfigTests.m */,
				4460F01C19E92A3400857098 /* Supporting Files */,
			);
			path = PPESettingConfigTests;
			sourceTree = "<group>";
		};
		4460F01C19E92A3400857098 /* Supporting Files */ = {
			isa = PBXGroup;
			children = (
				4460F01D19E92A3400857098 /* Info.plist */,
			);
			name = "Supporting Files";
			sourceTree = "<group>";
		};
		4460F02D19E9316200857098 /* Setting */ = {
			isa = PBXGroup;
			children = (
				4460F03119E931D000857098 /* Debug */,
				4460F03019E931A700857098 /* Release */,
				4460F02E19E9319400857098 /* Settings.bundle */,
				4460F03619E96ABB00857098 /* run_settingsconfig.sh */,
			);
			name = Setting;
			sourceTree = "<group>";
		};
		4460F03019E931A700857098 /* Release */ = {
			isa = PBXGroup;
			children = (
				4460F03419E9465F00857098 /* SettingsRelease.bundle */,
			);
			name = Release;
			sourceTree = "<group>";
		};
		4460F03119E931D000857098 /* Debug */ = {
			isa = PBXGroup;
			children = (
				4460F03219E9461000857098 /* SettingsDebug.bundle */,
			);
			name = Debug;
			sourceTree = "<group>";
		};
		44A3923C19EA6B7300316681 /* Lib */ = {
			isa = PBXGroup;
			children = (
				44A3923F19EA6FA100316681 /* PPESettingsManager.h */,
				44A3923D19EA6F7F00316681 /* PPESettingsManager.m */,
			);
			name = Lib;
			sourceTree = "<group>";
		};
/* End PBXGroup section */

/* Begin PBXNativeTarget section */
		4460EFFE19E92A3400857098 /* PPESettingConfig */ = {
			isa = PBXNativeTarget;
			buildConfigurationList = 4460F02219E92A3400857098 /* Build configuration list for PBXNativeTarget "PPESettingConfig" */;
			buildPhases = (
				4460F02C19E92DFB00857098 /* Run Script */,
				4460EFFB19E92A3400857098 /* Sources */,
				4460EFFC19E92A3400857098 /* Frameworks */,
				4460EFFD19E92A3400857098 /* Resources */,
			);
			buildRules = (
			);
			dependencies = (
			);
			name = PPESettingConfig;
			productName = PPESettingConfig;
			productReference = 4460EFFF19E92A3400857098 /* PPESettingConfig.app */;
			productType = "com.apple.product-type.application";
		};
		4460F01719E92A3400857098 /* PPESettingConfigTests */ = {
			isa = PBXNativeTarget;
			buildConfigurationList = 4460F02519E92A3400857098 /* Build configuration list for PBXNativeTarget "PPESettingConfigTests" */;
			buildPhases = (
				4460F01419E92A3400857098 /* Sources */,
				4460F01519E92A3400857098 /* Frameworks */,
				4460F01619E92A3400857098 /* Resources */,
			);
			buildRules = (
			);
			dependencies = (
				4460F01A19E92A3400857098 /* PBXTargetDependency */,
			);
			name = PPESettingConfigTests;
			productName = PPESettingConfigTests;
			productReference = 4460F01819E92A3400857098 /* PPESettingConfigTests.xctest */;
			productType = "com.apple.product-type.bundle.unit-test";
		};
/* End PBXNativeTarget section */

/* Begin PBXProject section */
		4460EFF719E92A3400857098 /* Project object */ = {
			isa = PBXProject;
			attributes = {
				LastUpgradeCheck = 0600;
				ORGANIZATIONNAME = ppengotsu;
				TargetAttributes = {
					4460EFFE19E92A3400857098 = {
						CreatedOnToolsVersion = 6.0.1;
					};
					4460F01719E92A3400857098 = {
						CreatedOnToolsVersion = 6.0.1;
						TestTargetID = 4460EFFE19E92A3400857098;
					};
				};
			};
			buildConfigurationList = 4460EFFA19E92A3400857098 /* Build configuration list for PBXProject "PPESettingConfig" */;
			compatibilityVersion = "Xcode 3.2";
			developmentRegion = English;
			hasScannedForEncodings = 0;
			knownRegions = (
				en,
				Base,
			);
			mainGroup = 4460EFF619E92A3400857098;
			productRefGroup = 4460F00019E92A3400857098 /* Products */;
			projectDirPath = "";
			projectRoot = "";
			targets = (
				4460EFFE19E92A3400857098 /* PPESettingConfig */,
				4460F01719E92A3400857098 /* PPESettingConfigTests */,
			);
		};
/* End PBXProject section */

/* Begin PBXResourcesBuildPhase section */
		4460EFFD19E92A3400857098 /* Resources */ = {
			isa = PBXResourcesBuildPhase;
			buildActionMask = 2147483647;
			files = (
				4460F02F19E9319400857098 /* Settings.bundle in Resources */,
				4460F00E19E92A3400857098 /* Main.storyboard in Resources */,
				4460F03519E9465F00857098 /* SettingsRelease.bundle in Resources */,
				4460F01319E92A3400857098 /* LaunchScreen.xib in Resources */,
				4460F01019E92A3400857098 /* Images.xcassets in Resources */,
				4460F03319E9461000857098 /* SettingsDebug.bundle in Resources */,
			);
			runOnlyForDeploymentPostprocessing = 0;
		};
		4460F01619E92A3400857098 /* Resources */ = {
			isa = PBXResourcesBuildPhase;
			buildActionMask = 2147483647;
			files = (
			);
			runOnlyForDeploymentPostprocessing = 0;
		};
/* End PBXResourcesBuildPhase section */

/* Begin PBXShellScriptBuildPhase section */
		4460F02C19E92DFB00857098 /* Run Script */ = {
			isa = PBXShellScriptBuildPhase;
			buildActionMask = 2147483647;
			files = (
			);
			inputPaths = (
			);
			name = "Run Script";
			outputPaths = (
			);
			runOnlyForDeploymentPostprocessing = 0;
			shellPath = /bin/sh;
			shellScript = "#設定アプリ用スクリプト\nsh \"${SRCROOT}/${PRODUCT_NAME}/Setting/run_settingsconfig.sh\"\n";
		};
/* End PBXShellScriptBuildPhase section */

/* Begin PBXSourcesBuildPhase section */
		4460EFFB19E92A3400857098 /* Sources */ = {
			isa = PBXSourcesBuildPhase;
			buildActionMask = 2147483647;
			files = (
				44A3923E19EA6F7F00316681 /* PPESettingsManager.m in Sources */,
				4460F00B19E92A3400857098 /* ViewController.m in Sources */,
				4460F00819E92A3400857098 /* AppDelegate.m in Sources */,
				4460F00519E92A3400857098 /* main.m in Sources */,
			);
			runOnlyForDeploymentPostprocessing = 0;
		};
		4460F01419E92A3400857098 /* Sources */ = {
			isa = PBXSourcesBuildPhase;
			buildActionMask = 2147483647;
			files = (
				4460F01F19E92A3400857098 /* PPESettingConfigTests.m in Sources */,
			);
			runOnlyForDeploymentPostprocessing = 0;
		};
/* End PBXSourcesBuildPhase section */

/* Begin PBXTargetDependency section */
		4460F01A19E92A3400857098 /* PBXTargetDependency */ = {
			isa = PBXTargetDependency;
			target = 4460EFFE19E92A3400857098 /* PPESettingConfig */;
			targetProxy = 4460F01919E92A3400857098 /* PBXContainerItemProxy */;
		};
/* End PBXTargetDependency section */

/* Begin PBXVariantGroup section */
		4460F00C19E92A3400857098 /* Main.storyboard */ = {
			isa = PBXVariantGroup;
			children = (
				4460F00D19E92A3400857098 /* Base */,
			);
			name = Main.storyboard;
			sourceTree = "<group>";
		};
		4460F01119E92A3400857098 /* LaunchScreen.xib */ = {
			isa = PBXVariantGroup;
			children = (
				4460F01219E92A3400857098 /* Base */,
			);
			name = LaunchScreen.xib;
			sourceTree = "<group>";
		};
/* End PBXVariantGroup section */

/* Begin XCBuildConfiguration section */
		4460F02019E92A3400857098 /* Debug */ = {
			isa = XCBuildConfiguration;
			buildSettings = {
				ALWAYS_SEARCH_USER_PATHS = NO;
				CLANG_CXX_LANGUAGE_STANDARD = "gnu++0x";
				CLANG_CXX_LIBRARY = "libc++";
				CLANG_ENABLE_MODULES = YES;
				CLANG_ENABLE_OBJC_ARC = YES;
				CLANG_WARN_BOOL_CONVERSION = YES;
				CLANG_WARN_CONSTANT_CONVERSION = YES;
				CLANG_WARN_DIRECT_OBJC_ISA_USAGE = YES_ERROR;
				CLANG_WARN_EMPTY_BODY = YES;
				CLANG_WARN_ENUM_CONVERSION = YES;
				CLANG_WARN_INT_CONVERSION = YES;
				CLANG_WARN_OBJC_ROOT_CLASS = YES_ERROR;
				CLANG_WARN_UNREACHABLE_CODE = YES;
				CLANG_WARN__DUPLICATE_METHOD_MATCH = YES;
				"CODE_SIGN_IDENTITY[sdk=iphoneos*]" = "iPhone Developer";
				COPY_PHASE_STRIP = NO;
				ENABLE_STRICT_OBJC_MSGSEND = YES;
				GCC_C_LANGUAGE_STANDARD = gnu99;
				GCC_DYNAMIC_NO_PIC = NO;
				GCC_OPTIMIZATION_LEVEL = 0;
				GCC_PREPROCESSOR_DEFINITIONS = (
					"DEBUG=1",
					"$(inherited)",
				);
				GCC_SYMBOLS_PRIVATE_EXTERN = NO;
				GCC_WARN_64_TO_32_BIT_CONVERSION = YES;
				GCC_WARN_ABOUT_RETURN_TYPE = YES_ERROR;
				GCC_WARN_UNDECLARED_SELECTOR = YES;
				GCC_WARN_UNINITIALIZED_AUTOS = YES_AGGRESSIVE;
				GCC_WARN_UNUSED_FUNCTION = YES;
				GCC_WARN_UNUSED_VARIABLE = YES;
				IPHONEOS_DEPLOYMENT_TARGET = 8.0;
				MTL_ENABLE_DEBUG_INFO = YES;
				ONLY_ACTIVE_ARCH = YES;
				SDKROOT = iphoneos;
			};
			name = Debug;
		};
		4460F02119E92A3400857098 /* Release */ = {
			isa = XCBuildConfiguration;
			buildSettings = {
				ALWAYS_SEARCH_USER_PATHS = NO;
				CLANG_CXX_LANGUAGE_STANDARD = "gnu++0x";
				CLANG_CXX_LIBRARY = "libc++";
				CLANG_ENABLE_MODULES = YES;
				CLANG_ENABLE_OBJC_ARC = YES;
				CLANG_WARN_BOOL_CONVERSION = YES;
				CLANG_WARN_CONSTANT_CONVERSION = YES;
				CLANG_WARN_DIRECT_OBJC_ISA_USAGE = YES_ERROR;
				CLANG_WARN_EMPTY_BODY = YES;
				CLANG_WARN_ENUM_CONVERSION = YES;
				CLANG_WARN_INT_CONVERSION = YES;
				CLANG_WARN_OBJC_ROOT_CLASS = YES_ERROR;
				CLANG_WARN_UNREACHABLE_CODE = YES;
				CLANG_WARN__DUPLICATE_METHOD_MATCH = YES;
				"CODE_SIGN_IDENTITY[sdk=iphoneos*]" = "iPhone Developer";
				COPY_PHASE_STRIP = YES;
				ENABLE_NS_ASSERTIONS = NO;
				ENABLE_STRICT_OBJC_MSGSEND = YES;
				GCC_C_LANGUAGE_STANDARD = gnu99;
				GCC_WARN_64_TO_32_BIT_CONVERSION = YES;
				GCC_WARN_ABOUT_RETURN_TYPE = YES_ERROR;
				GCC_WARN_UNDECLARED_SELECTOR = YES;
				GCC_WARN_UNINITIALIZED_AUTOS = YES_AGGRESSIVE;
				GCC_WARN_UNUSED_FUNCTION = YES;
				GCC_WARN_UNUSED_VARIABLE = YES;
				IPHONEOS_DEPLOYMENT_TARGET = 8.0;
				MTL_ENABLE_DEBUG_INFO = NO;
				SDKROOT = iphoneos;
				VALIDATE_PRODUCT = YES;
			};
			name = Release;
		};
		4460F02319E92A3400857098 /* Debug */ = {
			isa = XCBuildConfiguration;
			buildSettings = {
				ASSETCATALOG_COMPILER_APPICON_NAME = AppIcon;
				GCC_PREFIX_HEADER = "";
				INFOPLIST_FILE = PPESettingConfig/Info.plist;
				LD_RUNPATH_SEARCH_PATHS = "$(inherited) @executable_path/Frameworks";
				PRODUCT_NAME = "$(TARGET_NAME)";
			};
			name = Debug;
		};
		4460F02419E92A3400857098 /* Release */ = {
			isa = XCBuildConfiguration;
			buildSettings = {
				ASSETCATALOG_COMPILER_APPICON_NAME = AppIcon;
				GCC_PREFIX_HEADER = "";
				INFOPLIST_FILE = PPESettingConfig/Info.plist;
				LD_RUNPATH_SEARCH_PATHS = "$(inherited) @executable_path/Frameworks";
				PRODUCT_NAME = "$(TARGET_NAME)";
			};
			name = Release;
		};
		4460F02619E92A3400857098 /* Debug */ = {
			isa = XCBuildConfiguration;
			buildSettings = {
				BUNDLE_LOADER = "$(TEST_HOST)";
				FRAMEWORK_SEARCH_PATHS = (
					"$(SDKROOT)/Developer/Library/Frameworks",
					"$(inherited)",
				);
				GCC_PREPROCESSOR_DEFINITIONS = (
					"DEBUG=1",
					"$(inherited)",
				);
				INFOPLIST_FILE = PPESettingConfigTests/Info.plist;
				LD_RUNPATH_SEARCH_PATHS = "$(inherited) @executable_path/Frameworks @loader_path/Frameworks";
				PRODUCT_NAME = "$(TARGET_NAME)";
				TEST_HOST = "$(BUILT_PRODUCTS_DIR)/PPESettingConfig.app/PPESettingConfig";
			};
			name = Debug;
		};
		4460F02719E92A3400857098 /* Release */ = {
			isa = XCBuildConfiguration;
			buildSettings = {
				BUNDLE_LOADER = "$(TEST_HOST)";
				FRAMEWORK_SEARCH_PATHS = (
					"$(SDKROOT)/Developer/Library/Frameworks",
					"$(inherited)",
				);
				INFOPLIST_FILE = PPESettingConfigTests/Info.plist;
				LD_RUNPATH_SEARCH_PATHS = "$(inherited) @executable_path/Frameworks @loader_path/Frameworks";
				PRODUCT_NAME = "$(TARGET_NAME)";
				TEST_HOST = "$(BUILT_PRODUCTS_DIR)/PPESettingConfig.app/PPESettingConfig";
			};
			name = Release;
		};
/* End XCBuildConfiguration section */

/* Begin XCConfigurationList section */
		4460EFFA19E92A3400857098 /* Build configuration list for PBXProject "PPESettingConfig" */ = {
			isa = XCConfigurationList;
			buildConfigurations = (
				4460F02019E92A3400857098 /* Debug */,
				4460F02119E92A3400857098 /* Release */,
			);
			defaultConfigurationIsVisible = 0;
			defaultConfigurationName = Release;
		};
		4460F02219E92A3400857098 /* Build configuration list for PBXNativeTarget "PPESettingConfig" */ = {
			isa = XCConfigurationList;
			buildConfigurations = (
				4460F02319E92A3400857098 /* Debug */,
				4460F02419E92A3400857098 /* Release */,
			);
			defaultConfigurationIsVisible = 0;
			defaultConfigurationName = Release;
		};
		4460F02519E92A3400857098 /* Build configuration list for PBXNativeTarget "PPESettingConfigTests" */ = {
			isa = XCConfigurationList;
			buildConfigurations = (
				4460F02619E92A3400857098 /* Debug */,
				4460F02719E92A3400857098 /* Release */,
			);
			defaultConfigurationIsVisible = 0;
			defaultConfigurationName = Release;
		};
/* End XCConfigurationList section */
	};
	rootObject = 4460EFF719E92A3400857098 /* Project object */;
}
